# THIS IS AN AUTOGENERATED FILE. DO NOT EDIT THIS FILE DIRECTLY.
# yarn lockfile v1


"@types/js-yaml@^3.9.0":
  version "3.9.1"
  resolved "https://registry.yarnpkg.com/@types/js-yaml/-/js-yaml-3.9.1.tgz#2f3c142771bb345829ce690c5838760b6b9ba553"

"@types/node@^7.0.37":
  version "7.0.42"
  resolved "https://registry.yarnpkg.com/@types/node/-/node-7.0.42.tgz#051ff1cdbd1e1b7523ba425bc388147483344dbf"

"@types/webpack-env@^1.13.0":
  version "1.13.0"
  resolved "https://registry.yarnpkg.com/@types/webpack-env/-/webpack-env-1.13.0.tgz#3044381647e11ee973c5af2e925323930f691d80"

argparse@^1.0.7:
  version "1.0.9"
  resolved "https://registry.yarnpkg.com/argparse/-/argparse-1.0.9.tgz#73d83bc263f86e97f8cc4f6bae1b0e90a7d22c86"
  dependencies:
    sprintf-js "~1.0.2"

bootstrap@4.0.0-alpha.6:
  version "4.0.0-alpha.6"
  resolved "https://registry.yarnpkg.com/bootstrap/-/bootstrap-4.0.0-alpha.6.tgz#4f54dd33ac0deac3b28407bc2df7ec608869c9c8"
  dependencies:
    jquery ">=1.9.1"
    tether "^1.4.0"

core-js@^2.4.1:
  version "2.5.0"
  resolved "https://registry.yarnpkg.com/core-js/-/core-js-2.5.0.tgz#569c050918be6486b3837552028ae0466b717086"

deepmerge@^1.5.0:
  version "1.5.1"
  resolved "https://registry.yarnpkg.com/deepmerge/-/deepmerge-1.5.1.tgz#c053bf06fd7276f1994f70c09a0760cb61a56237"

esprima@^4.0.0:
  version "4.0.0"
  resolved "https://registry.yarnpkg.com/esprima/-/esprima-4.0.0.tgz#4499eddcd1110e0b218bacf2fa7f7f59f55ca804"

jquery@>=1.9.1:
  version "3.2.1"
  resolved "https://registry.yarnpkg.com/jquery/-/jquery-3.2.1.tgz#5c4d9de652af6cd0a770154a631bba12b015c787"

js-yaml@^3.9.0:
  version "3.9.1"
  resolved "https://registry.yarnpkg.com/js-yaml/-/js-yaml-3.9.1.tgz#08775cebdfdd359209f0d2acd383c8f86a6904a0"
  dependencies:
    argparse "^1.0.7"
    esprima "^4.0.0"

ngx-perfect-scrollbar@4.0.0:
  version "4.0.0"
  resolved "https://registry.yarnpkg.com/ngx-perfect-scrollbar/-/ngx-perfect-scrollbar-4.0.0.tgz#f1e19449fa97d7f16e1ceb1fe1739e4bb646bebe"
  dependencies:
    perfect-scrollbar "~0.6.0"

perfect-scrollbar@~0.6.0:
  version "0.6.16"
  resolved "https://registry.yarnpkg.com/perfect-scrollbar/-/perfect-scrollbar-0.6.16.tgz#b1d61a5245cf3962bb9a8407a3fc669d923212fc"

sprintf-js@~1.0.2:
  version "1.0.3"
  resolved "https://registry.yarnpkg.com/sprintf-js/-/sprintf-js-1.0.3.tgz#04e6926f662895354f3dd015203633b857297e2c"

tether@^1.4.0:
  version "1.4.0"
  resolved "https://registry.yarnpkg.com/tether/-/tether-1.4.0.tgz#0f9fa171f75bf58485d8149e94799d7ae74d1c1a"

typescript@^2.4.1:
  version "2.5.1"
  resolved "https://registry.yarnpkg.com/typescript/-/typescript-2.5.1.tgz#ce7cc93ada3de19475cc9d17e3adea7aee1832aa"
